
Microsoft Visual Studio Solution File, Format Version 12.00
# Visual Studio Version 17
VisualStudioVersion = 17.3.32901.215
MinimumVisualStudioVersion = 10.0.40219.1
Project("{9A19103F-16F7-4668-BE54-9A1E7A4F7556}") = "JeniknsJob", "JeniknsJob.csproj", "{565592DD-7B7A-4BA2-9FC0-F5E9DBD4CEFF}"
EndProject
Project("{FAE04EC0-301F-11D3-BF4B-00C04F79EFBC}") = "UnitTestJenkinsJob", "..\UnitTestJenkinsJob\UnitTestJenkinsJob.csproj", "{229CD53E-7C3E-48EF-8CC4-083CA4F276DF}"
EndProject
Global
	GlobalSection(SolutionConfigurationPlatforms) = preSolution
		Debug|Any CPU = Debug|Any CPU
		Release|Any CPU = Release|Any CPU
	EndGlobalSection
	GlobalSection(ProjectConfigurationPlatforms) = postSolution
		{565592DD-7B7A-4BA2-9FC0-F5E9DBD4CEFF}.Debug|Any CPU.ActiveCfg = Debug|Any CPU
		{565592DD-7B7A-4BA2-9FC0-F5E9DBD4CEFF}.Debug|Any CPU.Build.0 = Debug|Any CPU
		{565592DD-7B7A-4BA2-9FC0-F5E9DBD4CEFF}.Release|Any CPU.ActiveCfg = Release|Any CPU
		{565592DD-7B7A-4BA2-9FC0-F5E9DBD4CEFF}.Release|Any CPU.Build.0 = Release|Any CPU
		{229CD53E-7C3E-48EF-8CC4-083CA4F276DF}.Debug|Any CPU.ActiveCfg = Debug|Any CPU
		{229CD53E-7C3E-48EF-8CC4-083CA4F276DF}.Debug|Any CPU.Build.0 = Debug|Any CPU
		{229CD53E-7C3E-48EF-8CC4-083CA4F276DF}.Release|Any CPU.ActiveCfg = Release|Any CPU
		{229CD53E-7C3E-48EF-8CC4-083CA4F276DF}.Release|Any CPU.Build.0 = Release|Any CPU
	EndGlobalSection
	GlobalSection(SolutionProperties) = preSolution
		HideSolutionNode = FALSE
	EndGlobalSection
	GlobalSection(ExtensibilityGlobals) = postSolution
		SolutionGuid = {85E1EB61-98A6-4143-8527-E14FADF6F33F}
	EndGlobalSection
EndGlobal
